{
  "requires": true,
  "lockfileVersion": 1,
  "dependencies": {
    "vue-cli-plugin-bootstrap-vue": {
      "version": "0.4.0",
      "resolved": "https://registry.npmjs.org/vue-cli-plugin-bootstrap-vue/-/vue-cli-plugin-bootstrap-vue-0.4.0.tgz",
      "integrity": "sha512-L/AFeUBDJhCbBFSKJytERTCV3m+Z+SxgnEYZayA3GNfweMQDw2eJbtcgw4+4aU348seH4+8fU4lrMOLkKlw8hw==",
      "dev": true
    }
  }
}
